// !$*UTF8*$!
{
	archiveVersion = 1;
	classes = {
	};
	objectVersion = 46;
	objects = {

/* Begin PBXBuildFile section */
		842E8E7D1F4B21C6000C6922 /* AppDelegate.swift in Sources */ = {isa = PBXBuildFile; fileRef = 842E8E7C1F4B21C6000C6922 /* AppDelegate.swift */; };
		842E8E7F1F4B21C6000C6922 /* MealViewController.swift in Sources */ = {isa = PBXBuildFile; fileRef = 842E8E7E1F4B21C6000C6922 /* MealViewController.swift */; };
		842E8E821F4B21C6000C6922 /* Main.storyboard in Resources */ = {isa = PBXBuildFile; fileRef = 842E8E801F4B21C6000C6922 /* Main.storyboard */; };
		842E8E841F4B21C6000C6922 /* Assets.xcassets in Resources */ = {isa = PBXBuildFile; fileRef = 842E8E831F4B21C6000C6922 /* Assets.xcassets */; };
		842E8E871F4B21C6000C6922 /* LaunchScreen.storyboard in Resources */ = {isa = PBXBuildFile; fileRef = 842E8E851F4B21C6000C6922 /* LaunchScreen.storyboard */; };
		8455E1731F4BBB9800DA6A47 /* RatingControl.swift in Sources */ = {isa = PBXBuildFile; fileRef = 8455E1721F4BBB9800DA6A47 /* RatingControl.swift */; };
		846E3B1B1F4DD8FD00FF0342 /* Meal.swift in Sources */ = {isa = PBXBuildFile; fileRef = 846E3B1A1F4DD8FD00FF0342 /* Meal.swift */; };
		846E3B1D1F4DD90700FF0342 /* MealTableViewController.swift in Sources */ = {isa = PBXBuildFile; fileRef = 846E3B1C1F4DD90700FF0342 /* MealTableViewController.swift */; };
		846E3B1F1F4DD90D00FF0342 /* MealTableViewCell.swift in Sources */ = {isa = PBXBuildFile; fileRef = 846E3B1E1F4DD90D00FF0342 /* MealTableViewCell.swift */; };
/* End PBXBuildFile section */

/* Begin PBXFileReference section */
		842E8E791F4B21C6000C6922 /* FoodTracker.app */ = {isa = PBXFileReference; explicitFileType = wrapper.application; includeInIndex = 0; path = FoodTracker.app; sourceTree = BUILT_PRODUCTS_DIR; };
		842E8E7C1F4B21C6000C6922 /* AppDelegate.swift */ = {isa = PBXFileReference; lastKnownFileType = sourcecode.swift; path = AppDelegate.swift; sourceTree = "<group>"; };
		842E8E7E1F4B21C6000C6922 /* MealViewController.swift */ = {isa = PBXFileReference; lastKnownFileType = sourcecode.swift; path = MealViewController.swift; sourceTree = "<group>"; };
		842E8E811F4B21C6000C6922 /* Base */ = {isa = PBXFileReference; lastKnownFileType = file.storyboard; name = Base; path = Base.lproj/Main.storyboard; sourceTree = "<group>"; };
		842E8E831F4B21C6000C6922 /* Assets.xcassets */ = {isa = PBXFileReference; lastKnownFileType = folder.assetcatalog; path = Assets.xcassets; sourceTree = "<group>"; };
		842E8E861F4B21C6000C6922 /* Base */ = {isa = PBXFileReference; lastKnownFileType = file.storyboard; name = Base; path = Base.lproj/LaunchScreen.storyboard; sourceTree = "<group>"; };
		842E8E881F4B21C6000C6922 /* Info.plist */ = {isa = PBXFileReference; lastKnownFileType = text.plist.xml; path = Info.plist; sourceTree = "<group>"; };
		8455E1721F4BBB9800DA6A47 /* RatingControl.swift */ = {isa = PBXFileReference; fileEncoding = 4; lastKnownFileType = sourcecode.swift; name = RatingControl.swift; path = ../RatingControl.swift; sourceTree = "<group>"; };
/* End PBXFileReference section */

/* Begin PBXFrameworksBuildPhase section */
		842E8E761F4B21C6000C6922 /* Frameworks */ = {
			isa = PBXFrameworksBuildPhase;
			buildActionMask = 2147483647;
			files = (
			);
			runOnlyForDeploymentPostprocessing = 0;
		};
/* End PBXFrameworksBuildPhase section */

/* Begin PBXGroup section */
		842E8E701F4B21C6000C6922 = {
			isa = PBXGroup;
			children = (
				842E8E7B1F4B21C6000C6922 /* FoodTracker */,
				842E8E7A1F4B21C6000C6922 /* Products */,
			);
			sourceTree = "<group>";
		};
		842E8E7A1F4B21C6000C6922 /* Products */ = {
			isa = PBXGroup;
			children = (
				842E8E791F4B21C6000C6922 /* FoodTracker.app */,
			);
			name = Products;
			sourceTree = "<group>";
		};
		842E8E7B1F4B21C6000C6922 /* FoodTracker */ = {
			isa = PBXGroup;
			children = (
				842E8E7C1F4B21C6000C6922 /* AppDelegate.swift */,
				842E8E7E1F4B21C6000C6922 /* ViewController.swift */,
				842E8E801F4B21C6000C6922 /* Main.storyboard */,
				842E8E831F4B21C6000C6922 /* Assets.xcassets */,
				842E8E851F4B21C6000C6922 /* LaunchScreen.storyboard */,
				842E8E881F4B21C6000C6922 /* Info.plist */,
			);
			path = FoodTracker;
			sourceTree = "<group>";
		};
/* End PBXGroup section */

/* Begin PBXNativeTarget section */
		842E8E781F4B21C6000C6922 /* FoodTracker */ = {
			isa = PBXNativeTarget;
			buildConfigurationList = 842E8E8B1F4B21C6000C6922 /* Build configuration list for PBXNativeTarget "FoodTracker" */;
			buildPhases = (
				842E8E751F4B21C6000C6922 /* Sources */,
				842E8E761F4B21C6000C6922 /* Frameworks */,
				842E8E771F4B21C6000C6922 /* Resources */,
			);
			buildRules = (
			);
			dependencies = (
			);
			name = FoodTracker;
			productName = FoodTracker;
			productReference = 842E8E791F4B21C6000C6922 /* FoodTracker.app */;
			productType = "com.apple.product-type.application";
		};
/* End PBXNativeTarget section */

/* Begin PBXProject section */
		842E8E711F4B21C6000C6922 /* Project object */ = {
			isa = PBXProject;
			attributes = {
				LastSwiftUpdateCheck = 0830;
				LastUpgradeCheck = 0830;
				ORGANIZATIONNAME = "Sang Tran";
				TargetAttributes = {
					842E8E781F4B21C6000C6922 = {
						CreatedOnToolsVersion = 8.3.3;
						ProvisioningStyle = Automatic;
					};
				};
			};
			buildConfigurationList = 842E8E741F4B21C6000C6922 /* Build configuration list for PBXProject "FoodTracker" */;
			compatibilityVersion = "Xcode 3.2";
			developmentRegion = English;
			hasScannedForEncodings = 0;
			knownRegions = (
				en,
				Base,
			);
			mainGroup = 842E8E701F4B21C6000C6922;
			productRefGroup = 842E8E7A1F4B21C6000C6922 /* Products */;
			projectDirPath = "";
			projectRoot = "";
			targets = (
				842E8E781F4B21C6000C6922 /* FoodTracker */,
			);
		};
/* End PBXProject section */

/* Begin PBXResourcesBuildPhase section */
		842E8E771F4B21C6000C6922 /* Resources */ = {
			isa = PBXResourcesBuildPhase;
			buildActionMask = 2147483647;
			files = (
				842E8E871F4B21C6000C6922 /* LaunchScreen.storyboard in Resources */,
				842E8E841F4B21C6000C6922 /* Assets.xcassets in Resources */,
				842E8E821F4B21C6000C6922 /* Main.storyboard in Resources */,
			);
			runOnlyForDeploymentPostprocessing = 0;
		};
/* End PBXResourcesBuildPhase section */

/* Begin PBXSourcesBuildPhase section */
		842E8E751F4B21C6000C6922 /* Sources */ = {
			isa = PBXSourcesBuildPhase;
			buildActionMask = 2147483647;
			files = (
				842E8E7F1F4B21C6000C6922 /* ViewController.swift in Sources */,
				842E8E7D1F4B21C6000C6922 /* AppDelegate.swift in Sources */,
			);
			runOnlyForDeploymentPostprocessing = 0;
		};
/* End PBXSourcesBuildPhase section */

/* Begin PBXVariantGroup section */
		842E8E801F4B21C6000C6922 /* Main.storyboard */ = {
			isa = PBXVariantGroup;
			children = (
				842E8E811F4B21C6000C6922 /* Base */,
			);
			name = Main.storyboard;
			sourceTree = "<group>";
		};
		842E8E851F4B21C6000C6922 /* LaunchScreen.storyboard */ = {
			isa = PBXVariantGroup;
			children = (
				842E8E861F4B21C6000C6922 /* Base */,
			);
			name = LaunchScreen.storyboard;
			sourceTree = "<group>";
		};
/* End PBXVariantGroup section */

/* Begin XCBuildConfiguration section */
		842E8E891F4B21C6000C6922 /* Debug */ = {
			isa = XCBuildConfiguration;
			buildSettings = {
				ALWAYS_SEARCH_USER_PATHS = NO;
				CLANG_ANALYZER_NONNULL = YES;
				CLANG_ANALYZER_NUMBER_OBJECT_CONVERSION = YES_AGGRESSIVE;
				CLANG_CXX_LANGUAGE_STANDARD = "gnu++0x";
				CLANG_CXX_LIBRARY = "libc++";
				CLANG_ENABLE_MODULES = YES;
				CLANG_ENABLE_OBJC_ARC = YES;
				CLANG_WARN_BOOL_CONVERSION = YES;
				CLANG_WARN_CONSTANT_CONVERSION = YES;
				CLANG_WARN_DIRECT_OBJC_ISA_USAGE = YES_ERROR;
				CLANG_WARN_DOCUMENTATION_COMMENTS = YES;
				CLANG_WARN_EMPTY_BODY = YES;
				CLANG_WARN_ENUM_CONVERSION = YES;
				CLANG_WARN_INFINITE_RECURSION = YES;
				CLANG_WARN_INT_CONVERSION = YES;
				CLANG_WARN_OBJC_ROOT_CLASS = YES_ERROR;
				CLANG_WARN_SUSPICIOUS_MOVE = YES;
				CLANG_WARN_UNREACHABLE_CODE = YES;
				CLANG_WARN__DUPLICATE_METHOD_MATCH = YES;
				"CODE_SIGN_IDENTITY[sdk=iphoneos*]" = "iPhone Developer";
				COPY_PHASE_STRIP = NO;
				DEBUG_INFORMATION_FORMAT = dwarf;
				ENABLE_STRICT_OBJC_MSGSEND = YES;
				ENABLE_TESTABILITY = YES;
				GCC_C_LANGUAGE_STANDARD = gnu99;
				GCC_DYNAMIC_NO_PIC = NO;
				GCC_NO_COMMON_BLOCKS = YES;
				GCC_OPTIMIZATION_LEVEL = 0;
				GCC_PREPROCESSOR_DEFINITIONS = (
					"DEBUG=1",
					"$(inherited)",
				);
				GCC_WARN_64_TO_32_BIT_CONVERSION = YES;
				GCC_WARN_ABOUT_RETURN_TYPE = YES_ERROR;
				GCC_WARN_UNDECLARED_SELECTOR = YES;
				GCC_WARN_UNINITIALIZED_AUTOS = YES_AGGRESSIVE;
				GCC_WARN_UNUSED_FUNCTION = YES;
				GCC_WARN_UNUSED_VARIABLE = YES;
				IPHONEOS_DEPLOYMENT_TARGET = 10.3;
				MTL_ENABLE_DEBUG_INFO = YES;
				ONLY_ACTIVE_ARCH = YES;
				SDKROOT = iphoneos;
				SWIFT_ACTIVE_COMPILATION_CONDITIONS = DEBUG;
				SWIFT_OPTIMIZATION_LEVEL = "-Onone";
				TARGETED_DEVICE_FAMILY = "1,2";
			};
			name = Debug;
		};
		842E8E8A1F4B21C6000C6922 /* Release */ = {
			isa = XCBuildConfiguration;
			buildSettings = {
				ALWAYS_SEARCH_USER_PATHS = NO;
				CLANG_ANALYZER_NONNULL = YES;
				CLANG_ANALYZER_NUMBER_OBJECT_CONVERSION = YES_AGGRESSIVE;
				CLANG_CXX_LANGUAGE_STANDARD = "gnu++0x";
				CLANG_CXX_LIBRARY = "libc++";
				CLANG_ENABLE_MODULES = YES;
				CLANG_ENABLE_OBJC_ARC = YES;
				CLANG_WARN_BOOL_CONVERSION = YES;
				CLANG_WARN_CONSTANT_CONVERSION = YES;
				CLANG_WARN_DIRECT_OBJC_ISA_USAGE = YES_ERROR;
				CLANG_WARN_DOCUMENTATION_COMMENTS = YES;
				CLANG_WARN_EMPTY_BODY = YES;
				CLANG_WARN_ENUM_CONVERSION = YES;
				CLANG_WARN_INFINITE_RECURSION = YES;
				CLANG_WARN_INT_CONVERSION = YES;
				CLANG_WARN_OBJC_ROOT_CLASS = YES_ERROR;
				CLANG_WARN_SUSPICIOUS_MOVE = YES;
				CLANG_WARN_UNREACHABLE_CODE = YES;
				CLANG_WARN__DUPLICATE_METHOD_MATCH = YES;
				"CODE_SIGN_IDENTITY[sdk=iphoneos*]" = "iPhone Developer";
				COPY_PHASE_STRIP = NO;
				DEBUG_INFORMATION_FORMAT = "dwarf-with-dsym";
				ENABLE_NS_ASSERTIONS = NO;
				ENABLE_STRICT_OBJC_MSGSEND = YES;
				GCC_C_LANGUAGE_STANDARD = gnu99;
				GCC_NO_COMMON_BLOCKS = YES;
				GCC_WARN_64_TO_32_BIT_CONVERSION = YES;
				GCC_WARN_ABOUT_RETURN_TYPE = YES_ERROR;
				GCC_WARN_UNDECLARED_SELECTOR = YES;
				GCC_WARN_UNINITIALIZED_AUTOS = YES_AGGRESSIVE;
				GCC_WARN_UNUSED_FUNCTION = YES;
				GCC_WARN_UNUSED_VARIABLE = YES;
				IPHONEOS_DEPLOYMENT_TARGET = 10.3;
				MTL_ENABLE_DEBUG_INFO = NO;
				SDKROOT = iphoneos;
				SWIFT_OPTIMIZATION_LEVEL = "-Owholemodule";
				TARGETED_DEVICE_FAMILY = "1,2";
				VALIDATE_PRODUCT = YES;
			};
			name = Release;
		};
		842E8E8C1F4B21C6000C6922 /* Debug */ = {
			isa = XCBuildConfiguration;
			buildSettings = {
				ASSETCATALOG_COMPILER_APPICON_NAME = AppIcon;
				INFOPLIST_FILE = FoodTracker/Info.plist;
				LD_RUNPATH_SEARCH_PATHS = "$(inherited) @executable_path/Frameworks";
				PRODUCT_BUNDLE_IDENTIFIER = com.FoodTracker;
				PRODUCT_NAME = "$(TARGET_NAME)";
				SWIFT_VERSION = 3.0;
			};
			name = Debug;
		};
		842E8E8D1F4B21C6000C6922 /* Release */ = {
			isa = XCBuildConfiguration;
			buildSettings = {
				ASSETCATALOG_COMPILER_APPICON_NAME = AppIcon;
				INFOPLIST_FILE = FoodTracker/Info.plist;
				LD_RUNPATH_SEARCH_PATHS = "$(inherited) @executable_path/Frameworks";
				PRODUCT_BUNDLE_IDENTIFIER = com.FoodTracker;
				PRODUCT_NAME = "$(TARGET_NAME)";
				SWIFT_VERSION = 3.0;
			};
			name = Release;
		};
/* End XCBuildConfiguration section */

/* Begin XCConfigurationList section */
		842E8E741F4B21C6000C6922 /* Build configuration list for PBXProject "FoodTracker" */ = {
			isa = XCConfigurationList;
			buildConfigurations = (
				842E8E891F4B21C6000C6922 /* Debug */,
				842E8E8A1F4B21C6000C6922 /* Release */,
			);
			defaultConfigurationIsVisible = 0;
			defaultConfigurationName = Release;
		};
		842E8E8B1F4B21C6000C6922 /* Build configuration list for PBXNativeTarget "FoodTracker" */ = {
			isa = XCConfigurationList;
			buildConfigurations = (
				842E8E8C1F4B21C6000C6922 /* Debug */,
				842E8E8D1F4B21C6000C6922 /* Release */,
			);
			defaultConfigurationIsVisible = 0;
		};
/* End XCConfigurationList section */
	};
	rootObject = 842E8E711F4B21C6000C6922 /* Project object */;
}
